{
  "projects": [
    {
      "projectId": "7SNMkB8UMukVgcWJYokeAQ",
      "version": "latest",
      "dependencies": {
        "YUiM7yqBWAqsh8KSnrdj7": "0.31.0",
        "ohDidvG9XsCeFumugENU3J": "6.26.0",
        "caTPwKxj5ZrD9LQ7DMdK4Z": "3.38.0",
        "jkU633o1Cz7HrJdwdxhVHk": "16.11.0",
        "8PtdGodUbexNYgkuyBUcWu": "3.25.0",
        "r3ASNrnyvLLLAtDvzUioQ": "4.6.0",
        "sqPBLwEBBKHA2WDuGb17eV": "2.1.0"
      },
      "lang": "ts",
      "fileLocks": [
        {
          "assetId": "7SNMkB8UMukVgcWJYokeAQ",
          "checksum": "e5335f084db0872d778ea2fa4d2559fe",
          "type": "globalContexts"
        },
        {
          "type": "renderModule",
          "assetId": "JDKbvzOHcQCj",
          "checksum": "dcf12b2027f95fc48aa4463f2073836f"
        },
        {
          "type": "cssRules",
          "assetId": "JDKbvzOHcQCj",
          "checksum": "dcf12b2027f95fc48aa4463f2073836f"
        },
        {
          "type": "renderModule",
          "assetId": "cU6Nt4MA6DXT",
          "checksum": "19338bf8889cd0009ba6eb265492b071"
        },
        {
          "type": "cssRules",
          "assetId": "cU6Nt4MA6DXT",
          "checksum": "19338bf8889cd0009ba6eb265492b071"
        },
        {
          "type": "renderModule",
          "assetId": "U5bKCJ5DYhib",
          "checksum": "29a4c5bebee6aa0b24e6444ad2b15302"
        },
        {
          "type": "cssRules",
          "assetId": "U5bKCJ5DYhib",
          "checksum": "29a4c5bebee6aa0b24e6444ad2b15302"
        },
        {
          "type": "renderModule",
          "assetId": "pU3ksPP-Q5TS",
          "checksum": "dbedd25e8ac5b55cc08c0fcce4135e25"
        },
        {
          "type": "cssRules",
          "assetId": "pU3ksPP-Q5TS",
          "checksum": "dbedd25e8ac5b55cc08c0fcce4135e25"
        },
        {
          "type": "renderModule",
          "assetId": "enTBCTY8cSPF",
          "checksum": "8c5e3d43c93234dc5d8c3541140d5bd9"
        },
        {
          "type": "cssRules",
          "assetId": "enTBCTY8cSPF",
          "checksum": "8c5e3d43c93234dc5d8c3541140d5bd9"
        },
        {
          "type": "renderModule",
          "assetId": "qnoSvk5APDQU",
          "checksum": "bc516f677cd50e9ea0f34ff6b159f7b0"
        },
        {
          "type": "cssRules",
          "assetId": "qnoSvk5APDQU",
          "checksum": "bc516f677cd50e9ea0f34ff6b159f7b0"
        },
        {
          "type": "renderModule",
          "assetId": "35iXAFb28kzU",
          "checksum": "c286fca10a6fcf30a779ad9872289ce8"
        },
        {
          "type": "cssRules",
          "assetId": "35iXAFb28kzU",
          "checksum": "c286fca10a6fcf30a779ad9872289ce8"
        },
        {
          "type": "renderModule",
          "assetId": "g8UqCmyjUW7S",
          "checksum": "5059fc42848419f7a35f9737b4d815cc"
        },
        {
          "type": "cssRules",
          "assetId": "g8UqCmyjUW7S",
          "checksum": "5059fc42848419f7a35f9737b4d815cc"
        },
        {
          "type": "renderModule",
          "assetId": "bHX7IYOtGqc7",
          "checksum": "d4a5cb4a8029854766cb18659c7bfccb"
        },
        {
          "type": "cssRules",
          "assetId": "bHX7IYOtGqc7",
          "checksum": "d4a5cb4a8029854766cb18659c7bfccb"
        },
        {
          "type": "icon",
          "assetId": "aHRi_lZjzHt3",
          "checksum": "90dc85b74db788733d6a5846ce4c03aa"
        },
        {
          "type": "icon",
          "assetId": "nPWd30PDwgwm",
          "checksum": "15c31a35efe88d6e38e053809f36b641"
        },
        {
          "type": "image",
          "assetId": "RVzdH9POlOzb",
          "checksum": "7e7800a14b5d03919143be12ea35735c"
        },
        {
          "type": "image",
          "assetId": "E2KmkV2p2MAZ",
          "checksum": "a4527d3e0c156334a65315da363d1dea"
        },
        {
          "type": "globalVariant",
          "assetId": "aSUSwU8jUYf-",
          "checksum": "f2d1055e60162bd22642d43721ed7a91"
        },
        {
          "type": "renderModule",
          "assetId": "S61C2Y5oZIVA",
          "checksum": "8202d78e4b6f06672ddabcfdf43a2687"
        },
        {
          "type": "cssRules",
          "assetId": "S61C2Y5oZIVA",
          "checksum": "8202d78e4b6f06672ddabcfdf43a2687"
        },
        {
          "type": "renderModule",
          "assetId": "U9dycEYfxuDv",
          "checksum": "ae31ad2a7ac9faf6d00154c0342652ac"
        },
        {
          "type": "cssRules",
          "assetId": "U9dycEYfxuDv",
          "checksum": "ae31ad2a7ac9faf6d00154c0342652ac"
        },
        {
          "type": "renderModule",
          "assetId": "Yldpb3EEnRI0",
          "checksum": "3f7f33c15a910558193e473197b9823a"
        },
        {
          "type": "cssRules",
          "assetId": "Yldpb3EEnRI0",
          "checksum": "3f7f33c15a910558193e473197b9823a"
        },
        {
          "type": "renderModule",
          "assetId": "kplG0PgU22ci",
          "checksum": "c818d0dd1f6779b3857372a2fe17d34d"
        },
        {
          "type": "cssRules",
          "assetId": "kplG0PgU22ci",
          "checksum": "c818d0dd1f6779b3857372a2fe17d34d"
        },
        {
          "type": "renderModule",
          "assetId": "24pJs8Ng-L75",
          "checksum": "1adb3f0451e52e95924422d51ccd5f5c"
        },
        {
          "type": "cssRules",
          "assetId": "24pJs8Ng-L75",
          "checksum": "1adb3f0451e52e95924422d51ccd5f5c"
        },
        {
          "type": "renderModule",
          "assetId": "RNhZtlNmydsH",
          "checksum": "44077b29637ad27387579c5f2e2e629c"
        },
        {
          "type": "cssRules",
          "assetId": "RNhZtlNmydsH",
          "checksum": "44077b29637ad27387579c5f2e2e629c"
        },
        {
          "type": "renderModule",
          "assetId": "GgjLI5qwOqwu",
          "checksum": "311d3f16137ceaf12435a69c84410472"
        },
        {
          "type": "cssRules",
          "assetId": "GgjLI5qwOqwu",
          "checksum": "311d3f16137ceaf12435a69c84410472"
        },
        {
          "type": "renderModule",
          "assetId": "PSgBvLRmwT1D",
          "checksum": "407342600f235392c7db0f560d3116da"
        },
        {
          "type": "cssRules",
          "assetId": "PSgBvLRmwT1D",
          "checksum": "407342600f235392c7db0f560d3116da"
        },
        {
          "type": "renderModule",
          "assetId": "d_b2_mjvC-EH",
          "checksum": "d4ebf4c5eb36f09618587f411111df55"
        },
        {
          "type": "cssRules",
          "assetId": "d_b2_mjvC-EH",
          "checksum": "d4ebf4c5eb36f09618587f411111df55"
        },
        {
          "type": "renderModule",
          "assetId": "ylePlweKDXpe",
          "checksum": "d7bd7ec30189f2ef9ad5c81a4af57204"
        },
        {
          "type": "cssRules",
          "assetId": "ylePlweKDXpe",
          "checksum": "d7bd7ec30189f2ef9ad5c81a4af57204"
        },
        {
          "type": "renderModule",
          "assetId": "H1JjgNeYg8g3",
          "checksum": "0e73e94595bc8bb8d2c8e33ea280618d"
        },
        {
          "type": "cssRules",
          "assetId": "H1JjgNeYg8g3",
          "checksum": "0e73e94595bc8bb8d2c8e33ea280618d"
        },
        {
          "type": "renderModule",
          "assetId": "R8Lwj3DU9BxT",
          "checksum": "d2b2d2d33891542c26b64e7434d3cbb5"
        },
        {
          "type": "cssRules",
          "assetId": "R8Lwj3DU9BxT",
          "checksum": "d2b2d2d33891542c26b64e7434d3cbb5"
        },
        {
          "type": "renderModule",
          "assetId": "EsNH5a2ZQUjZ",
          "checksum": "183ec3b7bfcf33bec5019786f3ec9d93"
        },
        {
          "type": "cssRules",
          "assetId": "EsNH5a2ZQUjZ",
          "checksum": "183ec3b7bfcf33bec5019786f3ec9d93"
        },
        {
          "type": "renderModule",
          "assetId": "N1Svf52_yxbM",
          "checksum": "a4db5d03dd5c03ac042de8908b3bef83"
        },
        {
          "type": "cssRules",
          "assetId": "N1Svf52_yxbM",
          "checksum": "a4db5d03dd5c03ac042de8908b3bef83"
        },
        {
          "type": "renderModule",
          "assetId": "6cULBLqXJZWY",
          "checksum": "6755db839e177317e285b9a073e6b2ca"
        },
        {
          "type": "cssRules",
          "assetId": "6cULBLqXJZWY",
          "checksum": "6755db839e177317e285b9a073e6b2ca"
        },
        {
          "type": "renderModule",
          "assetId": "sqOPHlPEQq33",
          "checksum": "e923cdc49377040d0544c3fde1bdfdda"
        },
        {
          "type": "cssRules",
          "assetId": "sqOPHlPEQq33",
          "checksum": "e923cdc49377040d0544c3fde1bdfdda"
        },
        {
          "type": "renderModule",
          "assetId": "I6VyETm3Oi6o",
          "checksum": "ba2d4d1a5aaceb81b056a674824f0f19"
        },
        {
          "type": "cssRules",
          "assetId": "I6VyETm3Oi6o",
          "checksum": "ba2d4d1a5aaceb81b056a674824f0f19"
        },
        {
          "type": "renderModule",
          "assetId": "V7sstJTUGr4K",
          "checksum": "8d2bfb05e10da3bd90b2b8fcee7314d0"
        },
        {
          "type": "cssRules",
          "assetId": "V7sstJTUGr4K",
          "checksum": "8d2bfb05e10da3bd90b2b8fcee7314d0"
        },
        {
          "type": "icon",
          "assetId": "yYSPm8myGH_V",
          "checksum": "47f9c98807ca84226e626724eecb2745"
        },
        {
          "type": "icon",
          "assetId": "RY0dcn4jJVPf",
          "checksum": "6e8cfccc0b25eebf34edee92c468d95e"
        },
        {
          "type": "icon",
          "assetId": "mJzoZEg-FD56",
          "checksum": "af5bce38da2288dd8647ef85838d01d2"
        },
        {
          "type": "icon",
          "assetId": "8ig9rS6CW5se",
          "checksum": "78bc28fafa7474d1510afbb9468e5e91"
        },
        {
          "type": "image",
          "assetId": "BiD1JQbDYstc",
          "checksum": "263bb6d305b726d2ef040997afaa6f50"
        },
        {
          "type": "image",
          "assetId": "COI455btUGHE",
          "checksum": "7348707b16ba0349d1ef74b2d642007d"
        },
        {
          "type": "image",
          "assetId": "hSc0GWiDJPxv",
          "checksum": "d6d7fce38d81afa1d7ad6e5f6d75006f"
        },
        {
          "type": "renderModule",
          "assetId": "3zHUjsxpYABR",
          "checksum": "2a7db5bc96e1e537f44b979c1549ffa3"
        },
        {
          "type": "cssRules",
          "assetId": "3zHUjsxpYABR",
          "checksum": "2a7db5bc96e1e537f44b979c1549ffa3"
        },
        {
          "type": "image",
          "assetId": "Ly9lsQ8qOIm6",
          "checksum": "d515f82e4b819efe02284d169760c3d0"
        },
        {
          "type": "renderModule",
          "assetId": "r-EriZGoAYEH",
          "checksum": "cccacfb5f16023a7d75463ba96b1bd78"
        },
        {
          "type": "cssRules",
          "assetId": "r-EriZGoAYEH",
          "checksum": "cccacfb5f16023a7d75463ba96b1bd78"
        },
        {
          "type": "image",
          "assetId": "-GBmu2ynr0an",
          "checksum": "7255a70ed2f2fde78858837701cf8f72"
        },
        {
          "type": "image",
          "assetId": "ivd0RaNthC3x",
          "checksum": "1778911e43e984bf09e2c0828ea00e7f"
        },
        {
          "type": "image",
          "assetId": "A_jR4nZeCTjX",
          "checksum": "ad12cfef5409335f07edceec3c374736"
        },
        {
          "type": "renderModule",
          "assetId": "H631TCEpl2Nh",
          "checksum": "0ce73f2b6370cdd3d04ded4010befcb8"
        },
        {
          "type": "cssRules",
          "assetId": "H631TCEpl2Nh",
          "checksum": "0ce73f2b6370cdd3d04ded4010befcb8"
        },
        {
          "type": "image",
          "assetId": "eRJjg_zveUyY",
          "checksum": "fecdb1a223ecf42197709f56a2063413"
        },
        {
          "type": "renderModule",
          "assetId": "ErG8wzgBVki3",
          "checksum": "247d3e4f2efb924c91fe30f23086c95b"
        },
        {
          "type": "cssRules",
          "assetId": "ErG8wzgBVki3",
          "checksum": "247d3e4f2efb924c91fe30f23086c95b"
        },
        {
          "type": "image",
          "assetId": "0LSomDPS3WkL",
          "checksum": "20f270819312aed86be1aa9a84615da9"
        },
        {
          "type": "image",
          "assetId": "JXZ_gzNPgVAF",
          "checksum": "290b9e859e7a48e9fde42d4b02eba28f"
        },
        {
          "type": "image",
          "assetId": "7vaEkNLvcjEp",
          "checksum": "943ade090317f5997817315d2919bd63"
        },
        {
          "type": "renderModule",
          "assetId": "DpoRYqi8MTy5",
          "checksum": "940b2d9597908f9989fc6655c625af5a"
        },
        {
          "type": "cssRules",
          "assetId": "DpoRYqi8MTy5",
          "checksum": "940b2d9597908f9989fc6655c625af5a"
        },
        {
          "type": "renderModule",
          "assetId": "kNwK3iA1B39P",
          "checksum": "473c149dc2b71fb7566b24a3604a3a52"
        },
        {
          "type": "cssRules",
          "assetId": "kNwK3iA1B39P",
          "checksum": "473c149dc2b71fb7566b24a3604a3a52"
        },
        {
          "type": "icon",
          "assetId": "I1VWMiXXoPZO",
          "checksum": "83df45583e965e8af69beef87caeeccd"
        },
        {
          "type": "icon",
          "assetId": "A3HzhhoSzxp-",
          "checksum": "31bd48be255dd9742ec7540e4cc6e3c7"
        },
        {
          "type": "icon",
          "assetId": "bRrNIWhK9m-7",
          "checksum": "f50163ea544d4a3ae20592ca327170d6"
        },
        {
          "type": "image",
          "assetId": "YWSAAjzYAguM",
          "checksum": "0eb4815651d1d69c325259149161bd91"
        },
        {
          "type": "image",
          "assetId": "LkFsSuZTRmCn",
          "checksum": "25168a939c4fb0c4df189f9d2aeb42dc"
        },
        {
          "type": "image",
          "assetId": "MkzI3JAKze21",
          "checksum": "eab88e4de52cb5efd51eef18c0e6bb51"
        },
        {
          "type": "renderModule",
          "assetId": "P-CxSrGa5GbD",
          "checksum": "485b32ec4b5cee33adc232a0da5114ae"
        },
        {
          "type": "cssRules",
          "assetId": "P-CxSrGa5GbD",
          "checksum": "485b32ec4b5cee33adc232a0da5114ae"
        },
        {
          "type": "renderModule",
          "assetId": "jfPuTUqbVaoo",
          "checksum": "76df88d6d841dd97396fff5eb2be2a5d"
        },
        {
          "type": "cssRules",
          "assetId": "jfPuTUqbVaoo",
          "checksum": "76df88d6d841dd97396fff5eb2be2a5d"
        },
        {
          "type": "image",
          "assetId": "59-PMHLoXBZH",
          "checksum": "4833e9f0177ee705e2ea681ace181b49"
        },
        {
          "type": "image",
          "assetId": "N7Yi9a6_0g2P",
          "checksum": "afab0e50d2640667104e9d2c8b731eef"
        },
        {
          "type": "image",
          "assetId": "QdL2OznGZTAO",
          "checksum": "8f26532657780769d3d54ff412a582ac"
        },
        {
          "type": "renderModule",
          "assetId": "PT85RDIdexix",
          "checksum": "96fbe1c644688f682a9a4dd0f3374621"
        },
        {
          "type": "cssRules",
          "assetId": "PT85RDIdexix",
          "checksum": "96fbe1c644688f682a9a4dd0f3374621"
        },
        {
          "type": "renderModule",
          "assetId": "mE-vol2uSpJp",
          "checksum": "9f1da9e10d0cb8a3437c80766c7029b2"
        },
        {
          "type": "cssRules",
          "assetId": "mE-vol2uSpJp",
          "checksum": "9f1da9e10d0cb8a3437c80766c7029b2"
        },
        {
          "type": "image",
          "assetId": "BipAnPUlLkmu",
          "checksum": "dc41f437eb32c61591c4c52c3892c429"
        },
        {
          "type": "image",
          "assetId": "w_KEa66hO117",
          "checksum": "eddf82ca2e2c7b2b3bb9cd9a3c692e07"
        },
        {
          "type": "image",
          "assetId": "Cd9JIdnarCtN",
          "checksum": "aa9a38642400e2c397cda1a469ca4acc"
        },
        {
          "type": "renderModule",
          "assetId": "1PmLaqEvRFmS",
          "checksum": "a64bd4e1a0925290c09ce4109399853d"
        },
        {
          "type": "cssRules",
          "assetId": "1PmLaqEvRFmS",
          "checksum": "a64bd4e1a0925290c09ce4109399853d"
        },
        {
          "type": "renderModule",
          "assetId": "Gq0MFDDWDv-U",
          "checksum": "48d30c7bdcc2847bdaf6045be3fa8c47"
        },
        {
          "type": "cssRules",
          "assetId": "Gq0MFDDWDv-U",
          "checksum": "48d30c7bdcc2847bdaf6045be3fa8c47"
        },
        {
          "type": "renderModule",
          "assetId": "ssh21My6pq8y",
          "checksum": "768738b2655ca81e75bacea6bad876fb"
        },
        {
          "type": "cssRules",
          "assetId": "ssh21My6pq8y",
          "checksum": "768738b2655ca81e75bacea6bad876fb"
        },
        {
          "type": "renderModule",
          "assetId": "XZmf7ZlhFOgx",
          "checksum": "f27295df1e1fb5e80b3be141e8ec6007"
        },
        {
          "type": "cssRules",
          "assetId": "XZmf7ZlhFOgx",
          "checksum": "f27295df1e1fb5e80b3be141e8ec6007"
        },
        {
          "type": "icon",
          "assetId": "M1D97sPB9eVt",
          "checksum": "ce78737badd8059c677c954b95b71a84"
        },
        {
          "type": "image",
          "assetId": "i-WLBC0YhGGb",
          "checksum": "34096d49cc866f053ade8b0921a75093"
        },
        {
          "type": "image",
          "assetId": "eJtWeqOkhAeh",
          "checksum": "01795a0915e1bd0d005c80ccaf8d171a"
        },
        {
          "type": "image",
          "assetId": "EiquG5danBZz",
          "checksum": "ca6e9704cd2b8d03f090f28c9fdecd75"
        },
        {
          "type": "image",
          "assetId": "h3gqtGfbhhZK",
          "checksum": "d7d51aad9ce1c50ec1aaa3b73ea606ec"
        },
        {
          "type": "renderModule",
          "assetId": "RUWcL-66g8Jn",
          "checksum": "0fd3c11bf3247cf3e08421a4d6d08185"
        },
        {
          "type": "cssRules",
          "assetId": "RUWcL-66g8Jn",
          "checksum": "0fd3c11bf3247cf3e08421a4d6d08185"
        },
        {
          "type": "icon",
          "assetId": "MOdODf-qwVQb",
          "checksum": "3808c433e588a4d9c549171f84743b9d"
        },
        {
          "type": "renderModule",
          "assetId": "zXAOwfcgu5NZ",
          "checksum": "67c995c4ae4523bf46664928654cfd2b"
        },
        {
          "type": "cssRules",
          "assetId": "zXAOwfcgu5NZ",
          "checksum": "67c995c4ae4523bf46664928654cfd2b"
        },
        {
          "type": "renderModule",
          "assetId": "4kdcaD2KbS-w",
          "checksum": "d8902ef76ae1a848a7c31181e0858113"
        },
        {
          "type": "cssRules",
          "assetId": "4kdcaD2KbS-w",
          "checksum": "d8902ef76ae1a848a7c31181e0858113"
        },
        {
          "assetId": "7SNMkB8UMukVgcWJYokeAQ",
          "type": "projectCss",
          "checksum": "fd59d36be1f87be752b7eee6fb7386d6"
        },
        {
          "type": "renderModule",
          "assetId": "7KjdVT2JykAk",
          "checksum": "232d52ee44cdbe1932cdf812e25eff1c"
        },
        {
          "type": "cssRules",
          "assetId": "7KjdVT2JykAk",
          "checksum": "232d52ee44cdbe1932cdf812e25eff1c"
        },
        {
          "type": "icon",
          "assetId": "xpwiGbFxHMB2",
          "checksum": "b8afcbfb252dadcebaeaaa2773302e8c"
        }
      ],
      "codegenVersion": "0.0.1"
    },
    {
      "projectId": "caTPwKxj5ZrD9LQ7DMdK4Z",
      "version": "3.38.0",
      "dependencies": {},
      "lang": "ts",
      "fileLocks": [
        {
          "assetId": "caTPwKxj5ZrD9LQ7DMdK4Z",
          "type": "projectCss",
          "checksum": "e1ec850476829c38b0f9b6d4f7ac446a"
        }
      ],
      "codegenVersion": "0.0.1"
    },
    {
      "projectId": "ohDidvG9XsCeFumugENU3J",
      "version": "6.26.0",
      "dependencies": {},
      "lang": "ts",
      "fileLocks": [
        {
          "assetId": "ohDidvG9XsCeFumugENU3J",
          "checksum": "de0a0e65174a6a185a8f822af51c6bdd",
          "type": "globalContexts"
        },
        {
          "assetId": "ohDidvG9XsCeFumugENU3J",
          "type": "projectCss",
          "checksum": "fd83b730367fdbde2c69bc6cf31c2a3c"
        }
      ],
      "codegenVersion": "0.0.1"
    },
    {
      "projectId": "YUiM7yqBWAqsh8KSnrdj7",
      "version": "0.31.0",
      "dependencies": {},
      "lang": "ts",
      "fileLocks": [
        {
          "assetId": "YUiM7yqBWAqsh8KSnrdj7",
          "type": "projectCss",
          "checksum": "dac72600b04b6e6a3014e82512a15fe1"
        }
      ],
      "codegenVersion": "0.0.1"
    },
    {
      "projectId": "jkU633o1Cz7HrJdwdxhVHk",
      "version": "16.11.0",
      "dependencies": {},
      "lang": "ts",
      "fileLocks": [
        {
          "assetId": "jkU633o1Cz7HrJdwdxhVHk",
          "type": "projectCss",
          "checksum": "0581d4378bb1604bb5fe3f65bb0a37de"
        }
      ],
      "codegenVersion": "0.0.1"
    },
    {
      "projectId": "8PtdGodUbexNYgkuyBUcWu",
      "version": "3.25.0",
      "dependencies": {},
      "lang": "ts",
      "fileLocks": [
        {
          "assetId": "8PtdGodUbexNYgkuyBUcWu",
          "type": "projectCss",
          "checksum": "078b5be9aa4a8ea2a39b36c771c25aaa"
        },
        {
          "assetId": "8PtdGodUbexNYgkuyBUcWu",
          "checksum": "34a063f27f0b27a7d1d344bc6b5252c5",
          "type": "globalContexts"
        }
      ],
      "codegenVersion": "0.0.1"
    },
    {
      "projectId": "r3ASNrnyvLLLAtDvzUioQ",
      "version": "4.6.0",
      "dependencies": {},
      "lang": "ts",
      "fileLocks": [
        {
          "assetId": "r3ASNrnyvLLLAtDvzUioQ",
          "type": "projectCss",
          "checksum": "e1ec850476829c38b0f9b6d4f7ac446a"
        }
      ],
      "codegenVersion": "0.0.1"
    },
    {
      "projectId": "sqPBLwEBBKHA2WDuGb17eV",
      "version": "2.1.0",
      "dependencies": {},
      "lang": "ts",
      "fileLocks": [
        {
          "assetId": "sqPBLwEBBKHA2WDuGb17eV",
          "type": "projectCss",
          "checksum": "e1ec850476829c38b0f9b6d4f7ac446a"
        },
        {
          "type": "renderModule",
          "assetId": "5nirPCGmCnRD",
          "checksum": "9fd73768f53289a1dc4f34b9e2f238f3"
        },
        {
          "type": "cssRules",
          "assetId": "5nirPCGmCnRD",
          "checksum": "9fd73768f53289a1dc4f34b9e2f238f3"
        },
        {
          "type": "icon",
          "assetId": "Wyt3GMMsLefj",
          "checksum": "d2b1886763aa016780501d0c22f50b5e"
        },
        {
          "type": "icon",
          "assetId": "MbDRsJU0e3bw",
          "checksum": "92672aa6935120ebaac11939d8d127bb"
        }
      ],
      "codegenVersion": "0.0.1"
    }
  ],
  "cliVersion": "0.1.330"
}
