{
  "projects": [
    {
      "projectId": "7SNMkB8UMukVgcWJYokeAQ",
      "version": "latest",
      "dependencies": {
        "YUiM7yqBWAqsh8KSnrdj7": "0.30.0",
        "ohDidvG9XsCeFumugENU3J": "6.26.0",
        "caTPwKxj5ZrD9LQ7DMdK4Z": "3.38.0",
        "jkU633o1Cz7HrJdwdxhVHk": "16.11.0",
        "8PtdGodUbexNYgkuyBUcWu": "3.25.0",
        "r3ASNrnyvLLLAtDvzUioQ": "4.6.0",
        "sqPBLwEBBKHA2WDuGb17eV": "2.1.0"
      },
      "lang": "ts",
      "fileLocks": [
        {
          "assetId": "7SNMkB8UMukVgcWJYokeAQ",
          "checksum": "e5335f084db0872d778ea2fa4d2559fe",
          "type": "globalContexts"
        },
        {
          "type": "renderModule",
          "assetId": "JDKbvzOHcQCj",
          "checksum": "41326b26a07edfc34ad6a7eecba960a5"
        },
        {
          "type": "cssRules",
          "assetId": "JDKbvzOHcQCj",
          "checksum": "41326b26a07edfc34ad6a7eecba960a5"
        },
        {
          "type": "renderModule",
          "assetId": "cU6Nt4MA6DXT",
          "checksum": "5df3d1fd48500c0be5cb508ce146aadb"
        },
        {
          "type": "cssRules",
          "assetId": "cU6Nt4MA6DXT",
          "checksum": "5df3d1fd48500c0be5cb508ce146aadb"
        },
        {
          "type": "renderModule",
          "assetId": "U5bKCJ5DYhib",
          "checksum": "d0711a4d39cd7a9180eea938767502ff"
        },
        {
          "type": "cssRules",
          "assetId": "U5bKCJ5DYhib",
          "checksum": "d0711a4d39cd7a9180eea938767502ff"
        },
        {
          "type": "renderModule",
          "assetId": "pU3ksPP-Q5TS",
          "checksum": "dbedd25e8ac5b55cc08c0fcce4135e25"
        },
        {
          "type": "cssRules",
          "assetId": "pU3ksPP-Q5TS",
          "checksum": "dbedd25e8ac5b55cc08c0fcce4135e25"
        },
        {
          "type": "renderModule",
          "assetId": "enTBCTY8cSPF",
          "checksum": "8c5e3d43c93234dc5d8c3541140d5bd9"
        },
        {
          "type": "cssRules",
          "assetId": "enTBCTY8cSPF",
          "checksum": "8c5e3d43c93234dc5d8c3541140d5bd9"
        },
        {
          "type": "renderModule",
          "assetId": "qnoSvk5APDQU",
          "checksum": "6265259105fcaa878b5d01c17936583f"
        },
        {
          "type": "cssRules",
          "assetId": "qnoSvk5APDQU",
          "checksum": "6265259105fcaa878b5d01c17936583f"
        },
        {
          "type": "renderModule",
          "assetId": "35iXAFb28kzU",
          "checksum": "c286fca10a6fcf30a779ad9872289ce8"
        },
        {
          "type": "cssRules",
          "assetId": "35iXAFb28kzU",
          "checksum": "c286fca10a6fcf30a779ad9872289ce8"
        },
        {
          "type": "renderModule",
          "assetId": "g8UqCmyjUW7S",
          "checksum": "5059fc42848419f7a35f9737b4d815cc"
        },
        {
          "type": "cssRules",
          "assetId": "g8UqCmyjUW7S",
          "checksum": "5059fc42848419f7a35f9737b4d815cc"
        },
        {
          "type": "renderModule",
          "assetId": "bHX7IYOtGqc7",
          "checksum": "d4a5cb4a8029854766cb18659c7bfccb"
        },
        {
          "type": "cssRules",
          "assetId": "bHX7IYOtGqc7",
          "checksum": "d4a5cb4a8029854766cb18659c7bfccb"
        },
        {
          "type": "icon",
          "assetId": "aHRi_lZjzHt3",
          "checksum": "90dc85b74db788733d6a5846ce4c03aa"
        },
        {
          "type": "icon",
          "assetId": "nPWd30PDwgwm",
          "checksum": "15c31a35efe88d6e38e053809f36b641"
        },
        {
          "type": "image",
          "assetId": "RVzdH9POlOzb",
          "checksum": "7e7800a14b5d03919143be12ea35735c"
        },
        {
          "type": "image",
          "assetId": "E2KmkV2p2MAZ",
          "checksum": "a4527d3e0c156334a65315da363d1dea"
        },
        {
          "type": "globalVariant",
          "assetId": "aSUSwU8jUYf-",
          "checksum": "f2d1055e60162bd22642d43721ed7a91"
        },
        {
          "type": "renderModule",
          "assetId": "S61C2Y5oZIVA",
          "checksum": "83ddc90ea04d92fe91211fdf1f1d87f1"
        },
        {
          "type": "cssRules",
          "assetId": "S61C2Y5oZIVA",
          "checksum": "83ddc90ea04d92fe91211fdf1f1d87f1"
        },
        {
          "type": "renderModule",
          "assetId": "U9dycEYfxuDv",
          "checksum": "ae31ad2a7ac9faf6d00154c0342652ac"
        },
        {
          "type": "cssRules",
          "assetId": "U9dycEYfxuDv",
          "checksum": "ae31ad2a7ac9faf6d00154c0342652ac"
        },
        {
          "type": "renderModule",
          "assetId": "Yldpb3EEnRI0",
          "checksum": "3f7f33c15a910558193e473197b9823a"
        },
        {
          "type": "cssRules",
          "assetId": "Yldpb3EEnRI0",
          "checksum": "3f7f33c15a910558193e473197b9823a"
        },
        {
          "type": "renderModule",
          "assetId": "kplG0PgU22ci",
          "checksum": "c818d0dd1f6779b3857372a2fe17d34d"
        },
        {
          "type": "cssRules",
          "assetId": "kplG0PgU22ci",
          "checksum": "c818d0dd1f6779b3857372a2fe17d34d"
        },
        {
          "type": "renderModule",
          "assetId": "24pJs8Ng-L75",
          "checksum": "1adb3f0451e52e95924422d51ccd5f5c"
        },
        {
          "type": "cssRules",
          "assetId": "24pJs8Ng-L75",
          "checksum": "1adb3f0451e52e95924422d51ccd5f5c"
        },
        {
          "type": "renderModule",
          "assetId": "RNhZtlNmydsH",
          "checksum": "220b27ad424a54af158c762d3d42ff2d"
        },
        {
          "type": "cssRules",
          "assetId": "RNhZtlNmydsH",
          "checksum": "220b27ad424a54af158c762d3d42ff2d"
        },
        {
          "type": "renderModule",
          "assetId": "GgjLI5qwOqwu",
          "checksum": "311d3f16137ceaf12435a69c84410472"
        },
        {
          "type": "cssRules",
          "assetId": "GgjLI5qwOqwu",
          "checksum": "311d3f16137ceaf12435a69c84410472"
        },
        {
          "type": "renderModule",
          "assetId": "PSgBvLRmwT1D",
          "checksum": "407342600f235392c7db0f560d3116da"
        },
        {
          "type": "cssRules",
          "assetId": "PSgBvLRmwT1D",
          "checksum": "407342600f235392c7db0f560d3116da"
        },
        {
          "type": "renderModule",
          "assetId": "d_b2_mjvC-EH",
          "checksum": "d4ebf4c5eb36f09618587f411111df55"
        },
        {
          "type": "cssRules",
          "assetId": "d_b2_mjvC-EH",
          "checksum": "d4ebf4c5eb36f09618587f411111df55"
        },
        {
          "type": "renderModule",
          "assetId": "ylePlweKDXpe",
          "checksum": "d7bd7ec30189f2ef9ad5c81a4af57204"
        },
        {
          "type": "cssRules",
          "assetId": "ylePlweKDXpe",
          "checksum": "d7bd7ec30189f2ef9ad5c81a4af57204"
        },
        {
          "type": "renderModule",
          "assetId": "H1JjgNeYg8g3",
          "checksum": "a980fdd9e02b8cf3e387317ce3214030"
        },
        {
          "type": "cssRules",
          "assetId": "H1JjgNeYg8g3",
          "checksum": "a980fdd9e02b8cf3e387317ce3214030"
        },
        {
          "type": "renderModule",
          "assetId": "R8Lwj3DU9BxT",
          "checksum": "d1be1fb684ea23de0f9a066384264594"
        },
        {
          "type": "cssRules",
          "assetId": "R8Lwj3DU9BxT",
          "checksum": "d1be1fb684ea23de0f9a066384264594"
        },
        {
          "type": "renderModule",
          "assetId": "EsNH5a2ZQUjZ",
          "checksum": "183ec3b7bfcf33bec5019786f3ec9d93"
        },
        {
          "type": "cssRules",
          "assetId": "EsNH5a2ZQUjZ",
          "checksum": "183ec3b7bfcf33bec5019786f3ec9d93"
        },
        {
          "type": "renderModule",
          "assetId": "N1Svf52_yxbM",
          "checksum": "a4db5d03dd5c03ac042de8908b3bef83"
        },
        {
          "type": "cssRules",
          "assetId": "N1Svf52_yxbM",
          "checksum": "a4db5d03dd5c03ac042de8908b3bef83"
        },
        {
          "type": "renderModule",
          "assetId": "6cULBLqXJZWY",
          "checksum": "6755db839e177317e285b9a073e6b2ca"
        },
        {
          "type": "cssRules",
          "assetId": "6cULBLqXJZWY",
          "checksum": "6755db839e177317e285b9a073e6b2ca"
        },
        {
          "type": "renderModule",
          "assetId": "sqOPHlPEQq33",
          "checksum": "e923cdc49377040d0544c3fde1bdfdda"
        },
        {
          "type": "cssRules",
          "assetId": "sqOPHlPEQq33",
          "checksum": "e923cdc49377040d0544c3fde1bdfdda"
        },
        {
          "type": "renderModule",
          "assetId": "I6VyETm3Oi6o",
          "checksum": "ba2d4d1a5aaceb81b056a674824f0f19"
        },
        {
          "type": "cssRules",
          "assetId": "I6VyETm3Oi6o",
          "checksum": "ba2d4d1a5aaceb81b056a674824f0f19"
        },
        {
          "type": "renderModule",
          "assetId": "2NGLBkmhMP3i",
          "checksum": "46e316e8a2805c0cac4483b285799146"
        },
        {
          "type": "cssRules",
          "assetId": "2NGLBkmhMP3i",
          "checksum": "46e316e8a2805c0cac4483b285799146"
        },
        {
          "type": "renderModule",
          "assetId": "V7sstJTUGr4K",
          "checksum": "8d2bfb05e10da3bd90b2b8fcee7314d0"
        },
        {
          "type": "cssRules",
          "assetId": "V7sstJTUGr4K",
          "checksum": "8d2bfb05e10da3bd90b2b8fcee7314d0"
        },
        {
          "type": "icon",
          "assetId": "yYSPm8myGH_V",
          "checksum": "47f9c98807ca84226e626724eecb2745"
        },
        {
          "type": "icon",
          "assetId": "RY0dcn4jJVPf",
          "checksum": "6e8cfccc0b25eebf34edee92c468d95e"
        },
        {
          "type": "icon",
          "assetId": "mJzoZEg-FD56",
          "checksum": "af5bce38da2288dd8647ef85838d01d2"
        },
        {
          "type": "icon",
          "assetId": "8ig9rS6CW5se",
          "checksum": "78bc28fafa7474d1510afbb9468e5e91"
        },
        {
          "type": "image",
          "assetId": "BiD1JQbDYstc",
          "checksum": "263bb6d305b726d2ef040997afaa6f50"
        },
        {
          "type": "image",
          "assetId": "COI455btUGHE",
          "checksum": "7348707b16ba0349d1ef74b2d642007d"
        },
        {
          "type": "image",
          "assetId": "hSc0GWiDJPxv",
          "checksum": "d6d7fce38d81afa1d7ad6e5f6d75006f"
        },
        {
          "type": "renderModule",
          "assetId": "gnA2OKpdAGdr",
          "checksum": "30dcf95843fc3f6588e8ee74da5a500f"
        },
        {
          "type": "cssRules",
          "assetId": "gnA2OKpdAGdr",
          "checksum": "30dcf95843fc3f6588e8ee74da5a500f"
        },
        {
          "type": "renderModule",
          "assetId": "3zHUjsxpYABR",
          "checksum": "52044f4bb9a4f8ed49690e99100a3f7f"
        },
        {
          "type": "cssRules",
          "assetId": "3zHUjsxpYABR",
          "checksum": "52044f4bb9a4f8ed49690e99100a3f7f"
        },
        {
          "type": "image",
          "assetId": "Ly9lsQ8qOIm6",
          "checksum": "d515f82e4b819efe02284d169760c3d0"
        },
        {
          "type": "renderModule",
          "assetId": "r-EriZGoAYEH",
          "checksum": "cccacfb5f16023a7d75463ba96b1bd78"
        },
        {
          "type": "cssRules",
          "assetId": "r-EriZGoAYEH",
          "checksum": "cccacfb5f16023a7d75463ba96b1bd78"
        },
        {
          "type": "image",
          "assetId": "-GBmu2ynr0an",
          "checksum": "7255a70ed2f2fde78858837701cf8f72"
        },
        {
          "type": "image",
          "assetId": "ivd0RaNthC3x",
          "checksum": "1778911e43e984bf09e2c0828ea00e7f"
        },
        {
          "type": "image",
          "assetId": "A_jR4nZeCTjX",
          "checksum": "ad12cfef5409335f07edceec3c374736"
        },
        {
          "type": "renderModule",
          "assetId": "H631TCEpl2Nh",
          "checksum": "0ce73f2b6370cdd3d04ded4010befcb8"
        },
        {
          "type": "cssRules",
          "assetId": "H631TCEpl2Nh",
          "checksum": "0ce73f2b6370cdd3d04ded4010befcb8"
        },
        {
          "type": "image",
          "assetId": "eRJjg_zveUyY",
          "checksum": "fecdb1a223ecf42197709f56a2063413"
        },
        {
          "type": "renderModule",
          "assetId": "ErG8wzgBVki3",
          "checksum": "98b2b627a3cd8291d22d97534fac0755"
        },
        {
          "type": "cssRules",
          "assetId": "ErG8wzgBVki3",
          "checksum": "98b2b627a3cd8291d22d97534fac0755"
        },
        {
          "type": "image",
          "assetId": "0LSomDPS3WkL",
          "checksum": "20f270819312aed86be1aa9a84615da9"
        },
        {
          "type": "image",
          "assetId": "JXZ_gzNPgVAF",
          "checksum": "290b9e859e7a48e9fde42d4b02eba28f"
        },
        {
          "type": "image",
          "assetId": "7vaEkNLvcjEp",
          "checksum": "943ade090317f5997817315d2919bd63"
        },
        {
          "type": "renderModule",
          "assetId": "DpoRYqi8MTy5",
          "checksum": "2d70cd2a9b5047d4897962636fe28fe0"
        },
        {
          "type": "cssRules",
          "assetId": "DpoRYqi8MTy5",
          "checksum": "2d70cd2a9b5047d4897962636fe28fe0"
        },
        {
          "type": "renderModule",
          "assetId": "kNwK3iA1B39P",
          "checksum": "25554ba3cf0d4bdb9c70690edac20015"
        },
        {
          "type": "cssRules",
          "assetId": "kNwK3iA1B39P",
          "checksum": "25554ba3cf0d4bdb9c70690edac20015"
        },
        {
          "type": "icon",
          "assetId": "I1VWMiXXoPZO",
          "checksum": "83df45583e965e8af69beef87caeeccd"
        },
        {
          "type": "icon",
          "assetId": "A3HzhhoSzxp-",
          "checksum": "31bd48be255dd9742ec7540e4cc6e3c7"
        },
        {
          "type": "icon",
          "assetId": "bRrNIWhK9m-7",
          "checksum": "f50163ea544d4a3ae20592ca327170d6"
        },
        {
          "assetId": "7SNMkB8UMukVgcWJYokeAQ",
          "type": "projectCss",
          "checksum": "9fde144a6f68685e7ff5bc25de31a113"
        }
      ],
      "codegenVersion": "0.0.1"
    },
    {
      "projectId": "caTPwKxj5ZrD9LQ7DMdK4Z",
      "version": "3.38.0",
      "dependencies": {},
      "lang": "ts",
      "fileLocks": [
        {
          "assetId": "caTPwKxj5ZrD9LQ7DMdK4Z",
          "type": "projectCss",
          "checksum": "e1ec850476829c38b0f9b6d4f7ac446a"
        }
      ],
      "codegenVersion": "0.0.1"
    },
    {
      "projectId": "ohDidvG9XsCeFumugENU3J",
      "version": "6.26.0",
      "dependencies": {},
      "lang": "ts",
      "fileLocks": [
        {
          "assetId": "ohDidvG9XsCeFumugENU3J",
          "checksum": "de0a0e65174a6a185a8f822af51c6bdd",
          "type": "globalContexts"
        },
        {
          "assetId": "ohDidvG9XsCeFumugENU3J",
          "type": "projectCss",
          "checksum": "fd83b730367fdbde2c69bc6cf31c2a3c"
        }
      ],
      "codegenVersion": "0.0.1"
    },
    {
      "projectId": "YUiM7yqBWAqsh8KSnrdj7",
      "version": "0.30.0",
      "dependencies": {},
      "lang": "ts",
      "fileLocks": [
        {
          "assetId": "YUiM7yqBWAqsh8KSnrdj7",
          "type": "projectCss",
          "checksum": "dac72600b04b6e6a3014e82512a15fe1"
        }
      ],
      "codegenVersion": "0.0.1"
    },
    {
      "projectId": "jkU633o1Cz7HrJdwdxhVHk",
      "version": "16.11.0",
      "dependencies": {},
      "lang": "ts",
      "fileLocks": [
        {
          "assetId": "jkU633o1Cz7HrJdwdxhVHk",
          "type": "projectCss",
          "checksum": "0581d4378bb1604bb5fe3f65bb0a37de"
        }
      ],
      "codegenVersion": "0.0.1"
    },
    {
      "projectId": "8PtdGodUbexNYgkuyBUcWu",
      "version": "3.25.0",
      "dependencies": {},
      "lang": "ts",
      "fileLocks": [
        {
          "assetId": "8PtdGodUbexNYgkuyBUcWu",
          "type": "projectCss",
          "checksum": "078b5be9aa4a8ea2a39b36c771c25aaa"
        },
        {
          "assetId": "8PtdGodUbexNYgkuyBUcWu",
          "checksum": "34a063f27f0b27a7d1d344bc6b5252c5",
          "type": "globalContexts"
        }
      ],
      "codegenVersion": "0.0.1"
    },
    {
      "projectId": "r3ASNrnyvLLLAtDvzUioQ",
      "version": "4.6.0",
      "dependencies": {},
      "lang": "ts",
      "fileLocks": [
        {
          "assetId": "r3ASNrnyvLLLAtDvzUioQ",
          "type": "projectCss",
          "checksum": "e1ec850476829c38b0f9b6d4f7ac446a"
        }
      ],
      "codegenVersion": "0.0.1"
    },
    {
      "projectId": "sqPBLwEBBKHA2WDuGb17eV",
      "version": "2.1.0",
      "dependencies": {},
      "lang": "ts",
      "fileLocks": [
        {
          "assetId": "sqPBLwEBBKHA2WDuGb17eV",
          "type": "projectCss",
          "checksum": "e1ec850476829c38b0f9b6d4f7ac446a"
        },
        {
          "type": "renderModule",
          "assetId": "5nirPCGmCnRD",
          "checksum": "9fd73768f53289a1dc4f34b9e2f238f3"
        },
        {
          "type": "cssRules",
          "assetId": "5nirPCGmCnRD",
          "checksum": "9fd73768f53289a1dc4f34b9e2f238f3"
        },
        {
          "type": "icon",
          "assetId": "Wyt3GMMsLefj",
          "checksum": "d2b1886763aa016780501d0c22f50b5e"
        },
        {
          "type": "icon",
          "assetId": "MbDRsJU0e3bw",
          "checksum": "92672aa6935120ebaac11939d8d127bb"
        }
      ],
      "codegenVersion": "0.0.1"
    }
  ],
  "cliVersion": "0.1.330"
}
